
Microsoft Visual Studio Solution File, Format Version 12.00
# Visual Studio Version 17
VisualStudioVersion = 17.4.32804.182
MinimumVisualStudioVersion = 10.0.40219.1
Project("{9A19103F-16F7-4668-BE54-9A1E7A4F7556}") = "BlazorWasmStandaloneApp", "BlazorWasmStandaloneApp\BlazorWasmStandaloneApp.csproj", "{30843118-6A87-4A49-9A64-7E1EC1A33273}"
EndProject
Global
	GlobalSection(SolutionConfigurationPlatforms) = preSolution
		Debug|Any CPU = Debug|Any CPU
		Release|Any CPU = Release|Any CPU
	EndGlobalSection
	GlobalSection(ProjectConfigurationPlatforms) = postSolution
		{30843118-6A87-4A49-9A64-7E1EC1A33273}.Debug|Any CPU.ActiveCfg = Debug|Any CPU
		{30843118-6A87-4A49-9A64-7E1EC1A33273}.Debug|Any CPU.Build.0 = Debug|Any CPU
		{30843118-6A87-4A49-9A64-7E1EC1A33273}.Release|Any CPU.ActiveCfg = Release|Any CPU
		{30843118-6A87-4A49-9A64-7E1EC1A33273}.Release|Any CPU.Build.0 = Release|Any CPU
	EndGlobalSection
	GlobalSection(SolutionProperties) = preSolution
		HideSolutionNode = FALSE
	EndGlobalSection
	GlobalSection(ExtensibilityGlobals) = postSolution
		SolutionGuid = {58144CD7-DD08-416C-802A-0043780024CD}
	EndGlobalSection
EndGlobal
