
Microsoft Visual Studio Solution File, Format Version 12.00
# Visual Studio Version 17
VisualStudioVersion = 17.4.33027.239
MinimumVisualStudioVersion = 10.0.40219.1
Project("{FAE04EC0-301F-11D3-BF4B-00C04F79EFBC}") = "FunctionAppSwaggerDemo", "FunctionAppSwaggerDemo\FunctionAppSwaggerDemo.csproj", "{3452FB9B-AD46-4B64-8797-D1B387AE21C6}"
EndProject
Global
	GlobalSection(SolutionConfigurationPlatforms) = preSolution
		Debug|Any CPU = Debug|Any CPU
		Release|Any CPU = Release|Any CPU
	EndGlobalSection
	GlobalSection(ProjectConfigurationPlatforms) = postSolution
		{3452FB9B-AD46-4B64-8797-D1B387AE21C6}.Debug|Any CPU.ActiveCfg = Debug|Any CPU
		{3452FB9B-AD46-4B64-8797-D1B387AE21C6}.Debug|Any CPU.Build.0 = Debug|Any CPU
		{3452FB9B-AD46-4B64-8797-D1B387AE21C6}.Release|Any CPU.ActiveCfg = Release|Any CPU
		{3452FB9B-AD46-4B64-8797-D1B387AE21C6}.Release|Any CPU.Build.0 = Release|Any CPU
	EndGlobalSection
	GlobalSection(SolutionProperties) = preSolution
		HideSolutionNode = FALSE
	EndGlobalSection
	GlobalSection(ExtensibilityGlobals) = postSolution
		SolutionGuid = {568F9C88-19EC-4286-BB9E-14AD857FA16C}
	EndGlobalSection
EndGlobal
